version: 1
files:
  locales/en.ts:
    signin.title: 99dea78007133396a7b8ed70578ac6ae
    signin.welcome: ebdf0f490b617d7efa3025d3625cec85
    signin.description: 6da4081950c859033d070ab2801da7f3
    signin.emailLabel: b357b524e740bc85b9790a0712d84a30
    signin.emailPlaceholder: 95d3fa6b9e69c588a333f4e78139a7cd
    signin.passwordLabel: dc647eb65e6711e155375218212b3964
    signin.passwordPlaceholder: e8d28194f9b3498d21fbda21321d0226
    signin.rememberMe: 878530871f0db73f004f5bd6591eeb76
    signin.forgotPassword: 8458bad978f4fd6d6c7f8ec2ec0824b4
    signin.signInButton: b6d4223e60986fa4c9af77ee5f7149c5
    signin.signingInButton: 4381b667ecfd06041db1ee258f98ec83
    signin.continueWith: 4038e4c17bd41abe684a20af4c2cb0be
    signin.noAccount: a5f61298da21626d0f490ebd06ecd811
    signin.signUpLink: d9776f0775997b2e698c6975420b5c5d
    signin.termsAgreement: df98125e7f6e51ac02e2f7b88bc5126e
    signin.termsLink: 3b6c2b4caaf4f14f8d7feeddc4ac3f4d
    signin.privacyLink: fa2ead697d9998cbc65c81384e6533d5
    signin.errorTitle: a98b186600273b1482fd52ab91671f12
    signin.errorGoogleAuthFailed: 8c755f5036a364e5d02d31ff78fcc362
    signin.errorMissingCode: 204695673d69c95e1a3cd4ac2eacc6a4
    signin.errorTokenExchangeFailed: 571023a28a4f6cb5bc5cf7830adf9e8d
    signin.errorInternal: 2ec83c2de693c008d7320331fd599706
    signin.errorInvalidModeTitle: 12477418db51dc813000335f72b9fcf2
    signin.errorInvalidModeDescription: a9856d8ef7ae94811a2b85f9188fd657
    signin.errorInvalidCredentialsTitle: e6839791f53e4ed1e3414df947a2f1a5
    signin.errorInvalidCredentialsDescription: e9bc11b02a793e4e05ea7f6051087825
    signin.validationEmailInvalid: 59e4904d4366fab35a8282f418e699de
    signin.validationPasswordMinLength: db062c37c4979b52840c9f9a74003c52
    signup.title: 5bef23eb7efff2736c5583bda59e5eb7
    signup.description: de429a0b7e18c858b35101eeba022161
    signup.emailLabel: b357b524e740bc85b9790a0712d84a30
    signup.emailPlaceholder: 95d3fa6b9e69c588a333f4e78139a7cd
    signup.nameLabel: 49ee3087348e8d44e1feda1917443987
    signup.namePlaceholder: fd2f820569d83784238e1027897b463e
    signup.usernameLabel: f6039d44b29456b20f8f373155ae4973
    signup.usernamePlaceholder: dd62e4bc5fe501f8216ccd2dd917345f
    signup.passwordLabel: dc647eb65e6711e155375218212b3964
    signup.passwordPlaceholder: 483bc24d842fe8f3ec3a6f92fbd31922
    signup.createAccountButton: 42369faa6a6b243aac58683f3874bf99
    signup.creatingAccountButton: 29dfe0f071ce461d8f9d671d1864351b
    signup.continueWith: 4038e4c17bd41abe684a20af4c2cb0be
    signup.alreadyHaveAccount: 21bdc5689c12595ae14298354d5550d5
    signup.signInLink: b6d4223e60986fa4c9af77ee5f7149c5
    signup.termsAgreement: 0cb3cac0727850ac437263bcd70788e7
    signup.termsLink: 3b6c2b4caaf4f14f8d7feeddc4ac3f4d
    signup.privacyLink: fa2ead697d9998cbc65c81384e6533d5
    signup.errorTitle: 902b0d55fddef6f8d651fe1035b7d4bd
    signup.errorUnknown: 390c95fb109995a2a126d2edfdb287af
    signup.validationNameMinLength: 706d49489a251b50e9862a22ace67a8e
    signup.validationEmailInvalid: 59e4904d4366fab35a8282f418e699de
    signup.validationPasswordMinLength: db062c37c4979b52840c9f9a74003c52
    signup.validationUsernameMinLength: 28897bf91112878c7509f81a5849a01e
    verify.title: bfc9599f8a8e325834c90375a5d93a55
    verify.description: e88f2c7a6c38fc1e3af6d304e253fbc8
    verify.label: 3c627add70103df7da586f25c214a749
    verify.buttonBack: 0557fa923dcee4d0f86b1409f5c2167f
    verify.buttonVerify: dc7e8ffeb19232968f1aa4a99636e61a
    verify.errorInvalidCodeTitle: e4282a24d0473bcf155064341f71e92b
    verify.errorInvalidCodeDescription: ca071284b3708cc2182437ec4ef5fd5a
    verify.errorVerificationFailedTitle: 00d5ef7a9e107dd42de216656ab32c38
    verify.errorVerificationFailedDescription: 82e50c727674f251464fc7520f5bde26
    forgotPassword.title: 32fe59513f5bbdd353b4527cc6af55ce
    forgotPassword.description: 2f593736b77da122322244d63ef02b30
    forgotPassword.descriptionSuccess: 24a4f29fa348e64844182b958fb6e4c1
    forgotPassword.emailLabel: b357b524e740bc85b9790a0712d84a30
    forgotPassword.emailPlaceholder: 6832ac593617c3e5f61c82a20b0d9a3a
    forgotPassword.buttonSend: 733ae3eecadd5777cea5ce9a32379d7a
    forgotPassword.buttonSending: 7b0fee4d957f4ffc0ed5abdd184062b7
    forgotPassword.buttonTryDifferentEmail: 9950c670b23827ec28839add6dcfb8b3
    forgotPassword.backTosignin: 463e58c1d35fb5a4a8d717c99a60d257
    forgotPassword.successMessage: f31404610909982087fd94d17983c731
    forgotPassword.errorEmailRequiredTitle: 487b280a59f3483fff5f1fafb3caf667
    forgotPassword.errorEmailRequiredDescription: 559d05953b1e359e5244164a04511b54
    forgotPassword.errorRequestFailedTitle: b3e1f3f951a065d621dba454b2523365
    forgotPassword.errorRequestFailedDescription: 06036da12ceb24972ee9cd7cb6ef48b6
    forgotPassword.successToastTitle: 555c7f98920048ea2b10ae67b2f678bd
    forgotPassword.successToastDescription: d4d02ce8f4e5c61f4982e440d78038e9
    resetPassword.title: 68af72bbafd42cd57447c51015547eca
    resetPassword.description: 72531f32d3913bb6e57b724e544f7dd4
    resetPassword.newPasswordLabel: ae3bb2a1ac61750150b606298091d38a
    resetPassword.newPasswordPlaceholder: 9da5eb7c9dee339887bb5ef071ee9f47
    resetPassword.confirmPasswordLabel: 887f7db126221fe60d18c895d41dc8f6
    resetPassword.confirmPasswordPlaceholder: 6ab96a5df54aa6aae2bab9ea75ab76c9
    resetPassword.passwordHint: db062c37c4979b52840c9f9a74003c52
    resetPassword.buttonReset: 3b5b0f1e26d98a827ef82af202c2e85b
    resetPassword.buttonResetting: b943aa67ebfe4913ca1e115b2224bf1a
    resetPassword.successTitle: c2585c6a96793a4bc26acd87134ffdf6
    resetPassword.successDescription: 3abee84765d8b9e28bc96f89017ecdf9
    resetPassword.buttonGoTosignin: d44b89fe373b9dd420f6ddb2ad4a6d8e
    resetPassword.errorInvalidLinkTitle: 43eae1127144a5c02d90b289995a257d
    resetPassword.errorInvalidLinkDescription: d0613186f04fdaee0ef827adfc1a6dcf
    resetPassword.buttonRequestNewLink: 222b8dad4fae8f8b3a80ea37088fcdfe
    resetPassword.errorValidationPasswordLength: db062c37c4979b52840c9f9a74003c52
    resetPassword.errorValidationPasswordMatchTitle: 867cee98fdd724e7d5bc87f61ce657bc
    resetPassword.errorValidationPasswordMatchDescription: e0e7cc530bbf40e9f42b8054764b44f8
    resetPassword.errorResetFailedTitle: a961acaa193e23a3d1cdc8bfc6103692
    resetPassword.errorResetFailedDescription: 97a1e1a4308049d458c3a8825d9e79fb
    resetPassword.successToastTitle: 6df8e9d3a4e149ff12445d981f6fc244
    resetPassword.successToastDescription: ba85cd99c36b6aaf970845838c160494
    onboarding.buttonSubmit: a4d3b161ce1309df1c4e25df28694b7b
    onboarding.buttonProceed: f262fae0a2f17e8c1eb4e9eddb0160e4
    onboarding.buttonSkip: 72ef2b9b6965d078e3c7f95487a82d1c
    onboarding.buttonBack: 0557fa923dcee4d0f86b1409f5c2167f
    onboarding.requiredField: b651efdb98a5d6bd2b3935d0c3f4a5e2
    onboarding.requiredFieldsNote: ec7e81da549b1ea9f934ada5b103201d
    onboarding.validationError: 61f89ca51af6c94332f3cabff796fc49
    onboarding.completionDialog.title: 100495dff20b9d9838a530c25bfa385a
    onboarding.completionDialog.description: b7ba134a0ddeebc4d9129129a7c6ad37
    onboarding.completionDialog.button: d2562462266d4bd32b0065dc0d71c2d8
    onboarding.companyStep1.title: e03eac9b9e84ce94679def84c1a67d38
    onboarding.companyStep1.description: c5ebdfaaa46de89c034ab06a0cb4f478
    onboarding.companyStep1.avatarLabel: d32b09ac138ee120400921f2c0294ba3
    onboarding.companyStep1.basicInfoLabel: 87cabb0c5e5abac7a37df3f21bf09d17
    onboarding.companyStep1.headlinePlaceholder: c6568e77f61109390e82d035aaacaef0
    onboarding.companyStep1.industryPlaceholder: 4fd0a37b0a02153b23bbb61d7915a429
    onboarding.companyStep1.companySizePlaceholder: d4448cc010aff54eca229f040ba4c687
    onboarding.companyStep1.companyDetailsLabel: dc9227804a61468a485e682cb932bdf7
    onboarding.companyStep1.phoneLabel: 1e4dbc7eaa78468a3bc1448a3d68d906
    onboarding.companyStep1.websitePlaceholder: 15bbb9d0bbf25e8d2978de1168c749dc
    onboarding.companyStep1.locationLabel: ce5bf551379459c1c61d2a204061c455
    onboarding.companyStep1.locationCountryPlaceholder: 8b144ffc87beff564884b1c190275539
    onboarding.companyStep1.locationCityPlaceholder: ab32949f2983f906d338f2de4f053198
    onboarding.companyStep1.preferencesLabel: d0834fcec6337785ee749c8f5464f6f6
    onboarding.companyStep1.targetIndustriesLabel: cf6ec6a9e104934fd893af784ae54261
    onboarding.companyStep1.targetIndustriesLimit: 4662fbfae1373a370dc8491d91e19211
    onboarding.companyStep1.bioLabel: 713a01ab419f96cb320352765e8791d4
    onboarding.companyStep1.bioPlaceholder: 9bb60b3de88238cb9aecd2e816064f96
    onboarding.companyStep2.title: 7c546410d6f4630f55e1fe94276dbba0
    onboarding.companyStep2.description: 5704edcad5785d13d4e0e02f0dc0dd1d
    onboarding.companyStep2.selectedCount: 6a3f125ca0fa59d3868c040f40e99c77
    onboarding.companyStep2.selectionPrompt: d3d8448cb879a17217038b442c2420da
    onboarding.companyStep3.title: 95bfea567f13616990c5e9b18c00ed94
    onboarding.companyStep3.description: acb7028c992c2c25b2a11a56d41565ee
    onboarding.proStep1.title: 86e58d86c020390902f768a623541495
    onboarding.proStep1.description: 394713141b67cc54595836b41e82b2ca
    onboarding.proStep1.avatarLabel: e787e61bb648c74b2852f03f75c224dd
    onboarding.proStep1.uploadCVLabel: 367ad219c436f5f288f94cf8074b3401
    onboarding.proStep1.uploadCVProcessing: 0be774bf6c837d6422b162087a321c8f
    onboarding.proStep1.uploadCVSuccess: fbe0a40acd74ae36b591fbcfca69e7fe
    onboarding.proStep1.uploadCVHelpText: 57d8523ea2b45bd33df185ce3a17d5cd
    onboarding.proStep1.uploadCVFormat: f1482435fb98bde643cfcf53b6bac568
    onboarding.proStep1.uploadCVExtracted: bd2d709f08945b2d86f74365e04c28ec
    onboarding.proStep1.importLinkedInLabel: 74775888f919fc4d82ad183f24c9efaa
    onboarding.proStep1.importLinkedInProcessing: ca5271c607a449f4efc4147e3d6971dd
    onboarding.proStep1.importLinkedInSuccess: 01212442b3766280f879c4229be3fc07
    onboarding.proStep1.importLinkedInHelpText: ef2218469f2e16a9375d9da306bddfdc
    onboarding.proStep1.importLinkedInExtracted: 55d9ed86079352b10b3bc137dcbf95fa
    onboarding.proStep1.headlineLabel: c6568e77f61109390e82d035aaacaef0
    onboarding.proStep1.headlinePlaceholder: c6568e77f61109390e82d035aaacaef0
    onboarding.proStep1.locationLabel: ce5bf551379459c1c61d2a204061c455
    onboarding.proStep1.locationCountryPlaceholder: 59716c97497eb9694541f7c3d37b1a4d
    onboarding.proStep1.locationCityPlaceholder: 57d056ed0984166336b7879c2af3657f
    onboarding.proStep1.genderLabel: 019ec3132cdf8ee0f2e2a75cf5d3e459
    onboarding.proStep1.genderPlaceholder: 7267c01da962f9d89916612b1b2bac18
    onboarding.proStep1.genderMale: 63889cfb9d3cbe05d1bd2be5cc9953fd
    onboarding.proStep1.genderFemale: b719ce180ec7bd9641fece2f920f4817
    onboarding.proStep1.bioLabel: 713a01ab419f96cb320352765e8791d4
    onboarding.proStep1.bioPlaceholder: 490b8ae571327b35cc2885e9c48b4fb3
    onboarding.proStep1.linkedInDialog.title: 3b1156fff9f4fa584791db33df6f0b0a
    onboarding.proStep1.linkedInDialog.description: 1fab8a6ccf4cfd4b884b4049ed166c0d
    onboarding.proStep1.linkedInDialog.downloadStepTitle: 4d4cc74920c4f224fb745d597a7e2655
    onboarding.proStep1.linkedInDialog.downloadStep1: 62111172414eaca2b33de37d7d3e23f5
    onboarding.proStep1.linkedInDialog.downloadStep2: 7d208012c1bbf1bc1067245e56297969
    onboarding.proStep1.linkedInDialog.downloadStep3: f01e6963afb780fa101a011ea05a2c0c
    onboarding.proStep1.linkedInDialog.downloadStep4: 0ca65120706e04487382be1b3f67c29b
    onboarding.proStep1.linkedInDialog.goToLinkedInButton: 0c0bcd08a16948fa4911a37b55d8aa82
    onboarding.proStep1.linkedInDialog.uploadStepTitle: bcf744234d636254f4647e54cd826619
    onboarding.proStep1.linkedInDialog.uploadStepDescription: 5f0e71e752fd723500b8129d43e0ca44
    onboarding.proStep1.linkedInDialog.uploadButton: b32f77a3967bfb30159ec948c13c69c3
    onboarding.proStep1.linkedInDialog.tipTitle: 342a4056154f7ad1c6e837012d32d231
    onboarding.proStep1.linkedInDialog.tipDescription: 20df4cda5636b360513f202eecfb9556
    onboarding.proStep1.linkedInDialog.closeButton: d3d2e617335f08df83599665eef8a418
    onboarding.proStep2.title: 4013d456c1e8813ee4da379aa6556580
    onboarding.proStep2.skillsLabel: aa79c5d1cbe3d96218a92481bcfaa39c
    onboarding.proStep2.skillsError: 78e60820295d6cf0323bce3ac3747342
    onboarding.proStep2.yearsExperienceLabel: 18728efe98f1d7bb0229d83f3d0e14b0
    onboarding.proStep2.yearsExperiencePlaceholder: 18728efe98f1d7bb0229d83f3d0e14b0
    onboarding.proStep2.yearsExperienceError: f7d5060e9a85fc34d02b9d8024017456
    onboarding.proStep2.portfolioLabel: d4f859a96c13f551a2771b7fc3a78d38
    onboarding.proStep2.portfolioPlaceholder: 34febc9d9187eaa5dc72b91f5eda9789
    onboarding.proStep2.phoneLabel: 1e4dbc7eaa78468a3bc1448a3d68d906
    onboarding.proStep2.phoneErrorInvalid: 00589e3bb6d7bbb598f17fe9bfe70052
    onboarding.proStep2.phoneErrorRequired: 9e3da8a868b8b3ed9d5e976a4d1f5caa
    onboarding.proStep3.title: f1bae87326cb314c6ac57c8274a7ca6a
    onboarding.proStep3.description: 535c2c711faaacc80851d5fe53a47d9c
    onboarding.proStep3.addExperienceButton: f1bae87326cb314c6ac57c8274a7ca6a
    onboarding.proStep3.addAnotherExperienceButton: 0e9fbcd2681648ae0342283ff6dea0aa
    onboarding.proStep3.experienceCardLocationSeparator: 53fe0881d8553a8d801dfb95b88f4e40
    onboarding.proStep3.editButton: 7dce122004969d56ae2e0245cb754d35
    onboarding.proStep3.experienceForm.title: b9ccf7c642950fca76ae3a8109eb029c
    onboarding.proStep3.experienceForm.description: 99a0aa40a7b59526e0c9df3f92c9d820
    onboarding.proStep3.experienceForm.jobTitleLabel: 754e1e134bc554a0af39749edbb59b9f
    onboarding.proStep3.experienceForm.jobTitlePlaceholder: d628f4185c3b26f182c7f27058a14900
    onboarding.proStep3.experienceForm.companyLabel: 1c76cbfe21c6f44c1d1e59d54f3e4420
    onboarding.proStep3.experienceForm.companyPlaceholder: 070800fb9c7ae071aff6e63bded5c3c2
    onboarding.proStep3.experienceForm.locationLabel: ce5bf551379459c1c61d2a204061c455
    onboarding.proStep3.experienceForm.locationCountryPlaceholder: 8b144ffc87beff564884b1c190275539
    onboarding.proStep3.experienceForm.locationCityPlaceholder: ffb4940f7c5153705ba4a3d563f2851a
    onboarding.proStep3.experienceForm.employmentTypeLabel: eaca10015a2a010bf2c243280ed5071e
    onboarding.proStep3.experienceForm.employmentTypePlaceholder: 24383e8dec1614f6ad733c02cb3fb1e7
    onboarding.proStep3.experienceForm.employmentTypeFullTime: c00a284cd8cbb2e5a185b1d343314191
    onboarding.proStep3.experienceForm.employmentTypePartTime: 1f3df4017f42c55588603cf75046c0b2
    onboarding.proStep3.experienceForm.employmentTypeSelfEmployed: 63af9ae52cc0978bc3c116a6e0348374
    onboarding.proStep3.experienceForm.employmentTypeFreelance: 0f28fe833d21018c7707e5680392c068
    onboarding.proStep3.experienceForm.employmentTypeContract: f49498143b94e78415d06029763412b9
    onboarding.proStep3.experienceForm.employmentTypeInternship: dabdde079bcaac65b939992610420dfc
    onboarding.proStep3.experienceForm.employmentTypeApprenticeship: a007eca26d06b0b6d505e7d6f7f7baa4
    onboarding.proStep3.experienceForm.employmentTypeSeasonal: 00522a8dbe7e743d872e250a26fae115
    onboarding.proStep3.experienceForm.skillsLabel: ef73f5c74ea39fa5f40613f2fd3e7292
    onboarding.proStep3.experienceForm.skillsPlaceholder: c25adc39a903069d36ce2af401c14d67
    onboarding.proStep3.experienceForm.responsibilitiesLabel: 460874c7c996eb6762b8a5b10ff2d76f
    onboarding.proStep3.experienceForm.responsibilitiesPlaceholder: 4bb07a863a2d982d93228700cdd915fb
    onboarding.proStep3.experienceForm.achievementsLabel: f5c7922da355fd289ec1d6469e0583a7
    onboarding.proStep3.experienceForm.achievementsPlaceholder: bd34301a0989888d8d8f8bc079b1be16
    onboarding.proStep3.experienceForm.currentlyWorkingLabel: 271aa57e59fac29faf6211acece17a36
    onboarding.proStep3.experienceForm.startDateLabel: db3794c7d704611ce61c9d8cc09cd806
    onboarding.proStep3.experienceForm.endDateLabel: 3c1429dca1ae285353b112dfacae5fe5
    onboarding.proStep3.experienceForm.cancelButton: ea4788705e6873b424c65e91c2846b19
    onboarding.proStep3.experienceForm.addButton: b9ccf7c642950fca76ae3a8109eb029c
    onboarding.proStep3.experienceForm.updateButton: f9b26a0dedc38526246555e529fcdbb4
    onboarding.proStep3.experienceForm.validationAlert: 4a2f5c8a04cc978f1803fe9b68833463
    onboarding.proStep4.title: bdf8c7e172907c42d480b4bc0b7126ff
    onboarding.proStep4.description: 10be73f97be00e118b1351e86571655d
    onboarding.proStep4.addEducationButton: bdf8c7e172907c42d480b4bc0b7126ff
    onboarding.proStep4.addAnotherEducationButton: 906b93588632831dd8ea84abd23c0da7
    onboarding.proStep4.educationForm.title: 544d8787cabeb7922a88cd667bf750f3
    onboarding.proStep4.educationForm.description: 55ecfbd8157328d1f00a8e6e37835450
    onboarding.proStep4.educationForm.schoolLabel: 955cd8691ca89a6baa6ea10c7787e604
    onboarding.proStep4.educationForm.schoolPlaceholder: 130c2356d591a7609fcc0a27a5bab3df
    onboarding.proStep4.educationForm.degreeLabel: 6669c4dc00cb161446821b3529ca07d8
    onboarding.proStep4.educationForm.degreePlaceholder: 9259ff7fb3fd6629f14b01b3872e82ae
    onboarding.proStep4.educationForm.degreeTypeBachelors: 7a403adc6440ca0df22080dc7a5b4951
    onboarding.proStep4.educationForm.degreeTypeMasters: 1d30205906823f71379b69a84ef20a6f
    onboarding.proStep4.educationForm.degreeTypePhd: 5b539663c7a23ce1a18106224e899d59
    onboarding.proStep4.educationForm.degreeTypeAssociate: 758ab9c1162e0f5094d4d4ab297952ad
    onboarding.proStep4.educationForm.degreeTypeDiploma: 1f0561465e79a23d191eaa47ea4cbfa6
    onboarding.proStep4.educationForm.degreeTypeCertificate: eb0f48a107df1a0f343d4cd513b555e6
    onboarding.proStep4.educationForm.degreeTypeHighSchool: a06f5cabe1ad95ac722a761b6b08bc15
    onboarding.proStep4.educationForm.degreeTypeOther: 6311ae17c1ee52b36e68aaf4ad066387
    onboarding.proStep4.educationForm.fieldLabel: bbe019971279239f2311f06a1de38f31
    onboarding.proStep4.educationForm.fieldPlaceholder: 290028e0ef38ee6fd90ed07ca8ff4d17
    onboarding.proStep4.educationForm.descriptionLabel: b5a7adde1af5c87d7fd797b6245c2a39
    onboarding.proStep4.educationForm.descriptionPlaceholder: 481b0c0b59cde65ad7af375d12c8e13b
    onboarding.proStep4.educationForm.currentlyStudyingLabel: eeb29b6727dccc28137132869ebce61f
    onboarding.proStep4.educationForm.startDateLabel: db3794c7d704611ce61c9d8cc09cd806
    onboarding.proStep4.educationForm.endDateLabel: 3c1429dca1ae285353b112dfacae5fe5
    onboarding.proStep4.educationForm.cancelButton: ea4788705e6873b424c65e91c2846b19
    onboarding.proStep4.educationForm.addButton: 544d8787cabeb7922a88cd667bf750f3
    onboarding.proStep4.educationForm.updateButton: 0e5bc47c5e3ae2a23f9aebebac15d291
    onboarding.proStep4.educationForm.validationAlert: 4a2f5c8a04cc978f1803fe9b68833463
    dashboard.shared.filters: f3f43e30c8c7d78c6ac0173515e57a00
    dashboard.shared.clearFilters: ccba2fb2d85dab2459f8e8d20a28f468
    dashboard.shared.previous: dd1f775e443ff3b9a89270713580a51b
    dashboard.shared.next: 10ac3d04253ef7e1ddc73e6091c0cd55
    dashboard.shared.close: d3d2e617335f08df83599665eef8a418
    dashboard.shared.skills: aa79c5d1cbe3d96218a92481bcfaa39c
    dashboard.shared.loading: 8524de963f07201e5c086830d370797f
    dashboard.shared.showingResultsFor: 70e749ddcd17d52ebeca7d201692f4fa
    dashboard.shared.noResultsFound: bfe55f7e66a8e790bc045d207e1d5ada
    dashboard.shared.tryAdjustingFilters: 01122093ef37c1edc55091e119d46d9d
    dashboard.shared.filtersApplied: 8068cd97394e938b080fca8150778e1d
    dashboard.shared.errorLoading: 09388a61d4815a58e7c16435d26e952b
    dashboard.companyHome.filterAllConsultants: 9763e805610c4f13bae35fe1aff071d3
    dashboard.companyHome.filterAvailableNow: 588d01cbc7b19afb66f6633fe93f639f
    dashboard.companyHome.filterTopRated: a423a91322ddd2d5ac35a549ddd84a88
    dashboard.companyHome.filterRecentlyActive: d2e8a4945cb7ed3eb260e6b66e4094c0
    dashboard.companyHome.filterSavedProfiles: 7865c37d2c17204c32802fa01ced6e9a
    dashboard.companyHome.findProfessionalsTitle: 50e5ae031de5ce8f83986184570c6a33
    dashboard.companyHome.findProfessionalsDescription: aedbef5210dea290d4dce884777da42b
    dashboard.companyHome.startProjectButton: 260d8ffe12197d47b45e3a57755b321c
    dashboard.companyHome.searchInputPlaceholder: 3faee0a0bb3b1f7bb05ef49e8b1bae73
    dashboard.companyHome.noProfessionalsFound: 009cb05e164eb10b4fcfbc12cb43714a
    dashboard.companyHome.viewProfileButton: ccd943f86a83b9411cf31a2d05054356
    dashboard.companyHome.connectButton: 49ab28040dfa07f53544970c6d147e1e
    dashboard.companyHome.hireButton: 012706ea3b17c3da50412ae96fc315e4
    dashboard.companyHome.experienceTitle: 4038d5a85906029f46137a4164c51073
    dashboard.companyHome.educationTitle: de7a22a0c94aa64ba2449e520aa20c99
    dashboard.companyHome.reviewsTitle: 34e80a799d144cfe4af46815e103f017
    dashboard.companyHome.aboutTitle: 8f7f4c1ce7a4f933663d10543562b096
    dashboard.companyHome.contactTitle: bbaff12800505b22a853e8b7f4eb6a22
    dashboard.companyHome.sendMessageButton: 1432f32780bbd9cde496343b060fd75d
    dashboard.companyHome.viewFullProfileButton: 241bdc7fc6d2968dfaf8965ace9f5082
    dashboard.professionalHome.filterAllProjects: 2597015f2335f35e79ad4f35038bb857
    dashboard.professionalHome.filterRecommended: dd6aba38b1ce70c6b281571f2ba473b9
    dashboard.professionalHome.filterRecentlyViewed: 534ed3f39af7a636f6cf7a59f74fe824
    dashboard.professionalHome.filterSavedProjects: e8c9d1c074566b7bcdc0d7ba8f6ffeba
    dashboard.professionalHome.filterMyApplications: 0f8e169fe16a15ec298ffa228e39d462
    dashboard.professionalHome.searchProjectsTitle: b2b41a02a381c30ee15efa4d4c52eb16
    dashboard.professionalHome.searchInputPlaceholder: 2b7d0e071273877f68f570e0bd21dd28
    dashboard.professionalHome.sortByLabel: 6f9d01a14011f05fffe48559583fc609
    dashboard.professionalHome.sortNewest: ac71d8452c267207bcf9f1c93c6419e8
    dashboard.professionalHome.sortBudgetHighLow: af87d55f10e98a7190055ce1411ed738
    dashboard.professionalHome.sortBudgetLowHigh: 74bd0626080843137069acae6ff8a45d
    dashboard.professionalHome.refreshResultsButton: 081b3d0e13ee0aaab29bd354671082fa
    dashboard.professionalHome.noProjectsFound: ae9a884b50ceb5e3f6523b2f5e660c6a
    dashboard.professionalHome.noProjectsFoundDescription: ce387883f603b5fd469d9f7a58f00d3e
    dashboard.professionalHome.alreadyAppliedToastTitle: c3361a5d5d1b932cb3f894b757c90f56
    dashboard.professionalHome.alreadyAppliedToastDescription: 3f36bcce7e039392fc52b152656156e5
    dashboard.professionalHome.proposalSuccessToastTitle: 6fc6f8e155720d95a8eaf21b344c302f
    dashboard.professionalHome.proposalSuccessToastDescription: 95b7dd7d3f2a85c2fdd963a2dcfb38b7
    dashboard.professionalHome.proposalErrorToastTitle: b8040cb3e3e9ce1244e1ffc9b01afe45
    dashboard.professionalHome.proposalErrorToastDescription: a474447b8238666efd055c59d5861cf5
    dashboard.professionalHome.applyNowButton: 739dda5d282441a761e6bfdf19483e3e
    dashboard.professionalHome.viewProjectButton: 716f3cb27c271759e1fb0d39972706e3
    dashboard.professionalHome.saveButton: c9cc8cce247e49bae79f15173ce97354
    dashboard.professionalHome.savedButton: 248336101b461380a4b2391a7625493d
    dashboard.professionalHome.projectDetailsTitle: ba516011f8955ad772f70ea105fcec9f
    dashboard.professionalHome.skillsRequiredTitle: f474edb6deec15190a22ccd309297ecc
    dashboard.professionalHome.budgetTitle: 822bead6c149ffacbe7a12c44c3958ed
    dashboard.professionalHome.durationTitle: e02d2ae03de9d493df2b6b2d2813d302
    dashboard.professionalHome.locationTitle: ce5bf551379459c1c61d2a204061c455
    dashboard.professionalHome.aboutProjectTitle: 6c7f00ec9620df0d1d0796059999a0eb
    dashboard.professionalHome.aboutCompanyTitle: b01197caf0db274ea1662cf143fb602d
    dashboard.professionalHome.applyToProjectButton: 3bc4866e0a016ee0c55a954294005563
    dashboard.professionalHome.submitProposalTitle: e64c52e6852aea7b60b7f4d1590028d4
    dashboard.professionalHome.coverLetterLabel: d3199ae89b01dde1ec4012ee225f31e4
    dashboard.professionalHome.proposedRateLabel: 71c8a9403ba0cfc2562cf7dd00c3ef73
    dashboard.professionalHome.estimatedTimelineLabel: 936305569f3c9af0d479aa1e0c3bcfef
    dashboard.professionalHome.attachFilesLabel: 116d0bebd962fe9489da751a09004507
    dashboard.professionalHome.submitApplicationButton: f8366e5b435a38bcdf2aff07d3940276
    dashboard.professionalHome.submittingButton: f39bda51d64d60a16468930b04ccb606
    dashboard.professionalHome.cancelButton: ea4788705e6873b424c65e91c2846b19
    dashboard.professionalHome.backToDetailsButton: a9e8bfa8253eda4684e5cea4127eb442
    dashboard.professionalHome.budgetRangeLabel: c1c17a072cf7fbf88a4ee948da48c8b0
    dashboard.professionalHome.projectDurationLabel: efe3cb325c8c56da10bd8a322cd2ba95
    dashboard.professionalHome.locationTypeLabel: 77a423337fcc2b17f4c9ce7ff031b6b5
    dashboard.professionalHome.requiredSkillsLabel: b33f8282f474307ef03fc747b2adede8
    dashboard.professionalHome.applyFiltersButton: bf73617f18f0ec3633816c2af0fb9866
    dashboard.professionalHome.resetFiltersButton: 937d34bdd5579aa98d7d3dc53506e592
    dashboard.companyComponents.projectsOverview.title: 3fd990b383f4627c4ef508fe7b8e4d85
    dashboard.companyComponents.projectsOverview.badgeHired: a80a5c87e2625e78f1a8acdde7cae5eb
    dashboard.companyComponents.projectsOverview.badgeReceivedProposals: 31d51479f681f16a771e26c10848942f
    dashboard.companyComponents.projectsOverview.badgeNoProposals: e5f509e2b6d6b242614ea0a4eee655dc
    dashboard.companyComponents.projectsOverview.badgeNotApproved: 113b39b4268c84c4784dec266dac544b
    dashboard.companyComponents.projectsOverview.postedDatePrefix: f8127c02f985c51ae2badec0de715daf
    dashboard.companyComponents.projectsOverview.proposalsCountBadge: 26936b0b84d2368d915e3b0dcec5825f
    dashboard.companyComponents.projectsOverview.viewProposalsButton: addadf2f0422b18f5b5841d50ea7cfef
    dashboard.companyComponents.professionalCard.availabilityNA: 382b0f5185773fa0f67a8ed8056c7759
    dashboard.companyComponents.professionalCard.hourlyRateSuffix: 5ef37a0e170dbcca4457f868cc844771
    dashboard.companyComponents.professionalCard.yearsExperienceSuffix: 94751ece86e40737cea84935ea04bd66
    dashboard.companyComponents.professionalCard.matchSuffix: 72c297ef771592dab50e8324783df504
    dashboard.companyComponents.professionalCard.hireButton: 884ced6af202d4b67db561d0ba373d2f
    dashboard.companyComponents.professionalDetail.modalTitle: 18d5b180e290d379f6fcd88b9e6a6f75
    dashboard.companyComponents.professionalDetail.yearsExperienceSuffix: dd54b79040542ce0f6691e1a1945827a
    dashboard.companyComponents.professionalDetail.showLessSkillsButton: c74ea6dbff701bfa23819583c52ebd97
    dashboard.companyComponents.professionalDetail.matchScorePrefix: e4afac884ea13e1ce328ece94b9dfdb0
    dashboard.companyComponents.professionalDetail.matchScoreSuffix: 0bcef9c45bd8a48eda1b26eb0c61c869
    dashboard.companyComponents.professionalDetail.matchScoreRequirementText: 4ebcf357867fb45fc8e8fc1a9fc7cbba
    dashboard.companyComponents.professionalDetail.aboutTitle: 8f7f4c1ce7a4f933663d10543562b096
    dashboard.companyComponents.professionalDetail.workHistoryTitle: a517b15e2f4945404bf03dd941ce8f0c
    dashboard.companyComponents.professionalDetail.endDatePresent: dd058df87f5c88e3285a28ad7406a3c6
    dashboard.companyComponents.professionalDetail.noWorkHistory: f3dfacc4d96429a43e19003f45278094
    dashboard.companyComponents.professionalDetail.portfolioTitle: a0efed7f7701c023e2a41e619533e28b
    dashboard.companyComponents.professionalDetail.viewAllButton: 0b4db271fc4624853e634ef6882ea8be
    dashboard.companyComponents.professionalDetail.hireButton: 012706ea3b17c3da50412ae96fc315e4
    dashboard.companyComponents.professionalDetail.sendMessageButton: 1432f32780bbd9cde496343b060fd75d
    dashboard.companyComponents.professionalDetail.saveProfileButton: c320cdeffafbb2d60d6d759619c6b5e2
    dashboard.companyComponents.addProject.modalTitle: 260d8ffe12197d47b45e3a57755b321c
    dashboard.companyComponents.addProject.requiredFieldsInfo: 6aecf224697a3ad6bf2063a999aa128a
    dashboard.companyComponents.addProject.projectTitleLabel: de20dc2d9bf309419602da6d13f95001
    dashboard.companyComponents.addProject.projectTitlePlaceholder: 9e0a6e6f7defc0b3e9f6b8e230c8aa90
    dashboard.companyComponents.addProject.jobTitleLabel: 754e1e134bc554a0af39749edbb59b9f
    dashboard.companyComponents.addProject.jobTitlePlaceholder: c0341d52e094fb254a5e1446042fbeee
    dashboard.companyComponents.addProject.descriptionLabel: f3fb932c7e6c4a518d5460c66bbd1ef1
    dashboard.companyComponents.addProject.descriptionPlaceholder: a031f9959dd21d8697a40671942c586c
    dashboard.companyComponents.addProject.scopeLabel: 72cd2010fcc9518d09e257083c11e096
    dashboard.companyComponents.addProject.scopePlaceholder: bbfecc16696e39c5e0f91f5b45c80b65
    dashboard.companyComponents.addProject.deliverablesLabel: 3463d88e2525f17211825d68cf3ff283
    dashboard.companyComponents.addProject.deliverablesPlaceholder: f8f78c29d7c65818fabf64f4284fba31
    dashboard.companyComponents.addProject.skillsLabel: 3eefde9bcd4481be1eee4640df0e5d2d
    dashboard.companyComponents.addProject.budgetLabel: 885d921ce22efc304cfd9e6204aad975
    dashboard.companyComponents.addProject.budgetPlaceholder: 66256c13ce401c81352a72ef313bdf0c
    dashboard.companyComponents.addProject.timelineLabel: 400bbedfcbe3c3a5a301c66695f51dea
    dashboard.companyComponents.addProject.timelineUnitDays: e807d3ccf8d24c8c1a3d86db5da78da8
    dashboard.companyComponents.addProject.timelineUnitWeeks: be71e9f41f9bc90aa6c88d78954051c7
    dashboard.companyComponents.addProject.timelineUnitMonths: ef831a7b020689074c3df21c36dfc3c0
    dashboard.companyComponents.addProject.mediaLabel: fa73a483fa17c014720487212791e035
    dashboard.companyComponents.addProject.mediaHelpText: 9bfdda2e7e8efcef8b02a098f7e43a32
    dashboard.companyComponents.addProject.cancelButton: ea4788705e6873b424c65e91c2846b19
    dashboard.companyComponents.addProject.createButton: 1559979b62dd26d6ae35e6f4fea43290
    dashboard.companyComponents.addProject.creatingButton: f28febf2452b564f8c5e9544d02c05fe
    dashboard.companyComponents.addProject.toastMissingFieldTitle: 59d5e23104371d44bde4c29404a5ef63
    dashboard.companyComponents.addProject.toastMissingFieldDescription: 44cca376c20a4614529a5632e969a121
    dashboard.companyComponents.addProject.toastSkillsRequiredTitle: 56fb585ab6ba64f33e34d57c509b5ff2
    dashboard.companyComponents.addProject.toastSkillsRequiredDescription: 8dcbeef92af06bbbaa66f9dcc0b0f7c0
    dashboard.companyComponents.addProject.toastSuccessTitle: 5c15a40e5de1f9963fb954971f07d578
    dashboard.companyComponents.addProject.toastSuccessDescription: 2540f5174eca4a68e3567a64c19768b7
    dashboard.companyComponents.addProject.toastErrorTitle: 11496573d465b7cd267a8f3bc30550eb
    dashboard.companyComponents.addProject.toastErrorDescription: 6d7c23730d8bb63ca281d4af0c4275f3
    dashboard.companyComponents.activeProjectView.projectIdPrefix: 43fbebf0b134e5984c7c44d68685b623
    dashboard.companyComponents.activeProjectView.dashboardButton: 59209ef5a734b0a93fbc2bfa6b4e89ca
    dashboard.companyComponents.activeProjectView.timelineTitle: 3d1f92a565d3b1a61880236e33c49bf3
    dashboard.companyComponents.activeProjectView.durationLabel: e02d2ae03de9d493df2b6b2d2813d302
    dashboard.companyComponents.activeProjectView.budgetTitle: 822bead6c149ffacbe7a12c44c3958ed
    dashboard.companyComponents.activeProjectView.totalLabel: 96b0141273eabab320119c467cdcaf17
    dashboard.companyComponents.activeProjectView.spentLabel: 1fd968087e03faeb2e87df1e9849d983
    dashboard.companyComponents.activeProjectView.inEscrowBadge: c484f7bde8948f2833aebc9daef73cfa
    dashboard.companyComponents.activeProjectView.assignedConsultantTitle: 22bd5ed39b0fd74a16fd09262940080a
    dashboard.companyComponents.activeProjectView.viewProfileButton: ccd943f86a83b9411cf31a2d05054356
    dashboard.companyComponents.activeProjectView.messageButton: 4c2a8fe7eaf24721cc7a9f0175115bd4
    dashboard.companyComponents.proposalsOverview.modalTitle: 27ccfe7ced82118433294a8d2b3d4e15
    dashboard.companyComponents.proposalsOverview.proposalsCountBadge: 26936b0b84d2368d915e3b0dcec5825f
    dashboard.companyComponents.proposalsOverview.forProjectText: 941b10a8a130f4501ba4287f3d49d959
    dashboard.companyComponents.proposalsOverview.sortByPrefix: 6f9d01a14011f05fffe48559583fc609
    dashboard.companyComponents.proposalsOverview.sortBestMatch: a7b16a8559ce9ac65911298e9cdfed6d
    dashboard.companyComponents.proposalsOverview.sortNewest: ac71d8452c267207bcf9f1c93c6419e8
    dashboard.companyComponents.proposalsOverview.sortLowestPrice: 3d163eddc47dc74b3508abbdd12cb8d2
    dashboard.companyComponents.proposalsOverview.sortNewestFirst: d16f06ee25f7ca030af734812845704d
    dashboard.companyComponents.proposalsOverview.matchBadgeSuffix: da3e24ecbc344c489ab5ab130dfa001d
    dashboard.companyComponents.proposalsOverview.fallbackHeadline: 47464a2431a94596ff50e19bee5b28d9
    dashboard.companyComponents.proposalsOverview.fallbackLocation: f8508f576cd3f742dfc268258dcdf0dd
    dashboard.companyComponents.proposalDetails.modalTitle: b53c8a37843b9400106eebf53c53b498
    dashboard.companyComponents.proposalDetails.matchSuffix: da3e24ecbc344c489ab5ab130dfa001d
    dashboard.companyComponents.proposalDetails.textNA: 382b0f5185773fa0f67a8ed8056c7759
    dashboard.companyComponents.proposalDetails.yearsExperienceSuffix: dd54b79040542ce0f6691e1a1945827a
    dashboard.companyComponents.proposalDetails.coverLetterTitle: d3199ae89b01dde1ec4012ee225f31e4
    dashboard.companyComponents.proposalDetails.noCoverLetter: 68098e8944c295cfcc502cde2362de35
    dashboard.companyComponents.proposalDetails.timelineTitle: 701c7f2a49926d402f1be8223d24e775
    dashboard.companyComponents.proposalDetails.rateTitle: 1b30af690cf1e235923bd258d20a4fef
    dashboard.companyComponents.proposalDetails.attachmentsTitle: 7e2708aeb65763c54052f57ed1a1ec1d
    dashboard.companyComponents.proposalDetails.downloadAttachmentButton: 2fd36d84bb723ab13cc2643680059052
    dashboard.companyComponents.proposalDetails.noAttachments: b2d5e7a9b987d3cbb7d9e03e382d0578
    dashboard.companyComponents.proposalDetails.actionsTitle: 06df33001c1d7187fdd81ea1f5b277aa
    dashboard.companyComponents.proposalDetails.hireButton: 884ced6af202d4b67db561d0ba373d2f
    dashboard.companyComponents.proposalDetails.messageButton: 6302f2cc405b155a80396af77099d98c
    dashboard.companyComponents.proposalDetails.declineButton: 75be240704d0e152ae0aac6a9ee289ea
    dashboard.companyComponents.proposalDetails.viewProfileButton: ccd943f86a83b9411cf31a2d05054356
    dashboard.companyComponents.proposalDetails.hireDialogTitle: bef9b05ae4c193391fb1208c82d40c72
    dashboard.companyComponents.proposalDetails.hireDialogDescription: bb08b976cf27ccc8ca83d6eb67c08a7b
    dashboard.companyComponents.proposalDetails.cancelButton: ea4788705e6873b424c65e91c2846b19
    dashboard.companyComponents.proposalDetails.confirmHireButton: bef9b05ae4c193391fb1208c82d40c72
    dashboard.companyComponents.proposalDetails.hiringButton: bee13250e6ae6279145c5fd4c25bf9d7
    dashboard.companyComponents.proposalDetails.declineDialogTitle: 8442d82581a6481d3bd2d773148c1afb
    dashboard.companyComponents.proposalDetails.declineDialogDescription: 4161a94f5c5623aa4bc30838e658045d
    dashboard.companyComponents.proposalDetails.confirmDeclineButton: 8442d82581a6481d3bd2d773148c1afb
    dashboard.companyComponents.proposalDetails.decliningButton: 6540200dfb5ccea5bb2caefee1371a20
    dashboard.companyComponents.proposalDetails.viewProfileButtonDescription: 77b5f199e03c0297a1fa64632d8ab487
    dashboard.companyComponents.proposalDetails.toastHireSuccessTitle: 5378aa64e7d8253f9cc98db113003937
    dashboard.companyComponents.proposalDetails.toastHireSuccessDescription: 584c1d2ce42d82e3643e35c88b25ffc9
    dashboard.companyComponents.proposalDetails.toastHireErrorTitle: d0786d1d8a01986d4558b349942d237e
    dashboard.companyComponents.proposalDetails.toastDeclineSuccessTitle: a45143193c3c90f5524dd4e7bc4d47da
    dashboard.companyComponents.proposalDetails.toastDeclineSuccessDescription: 60770eaf2482be09caa3323c063de75f
    dashboard.companyComponents.proposalDetails.toastDeclineErrorTitle: 6360c5bac6a53a035282c5e6767ba553
    dashboard.companyComponents.proposalDetails.toastGenericErrorDescription: 390c95fb109995a2a126d2edfdb287af
    dashboard.companyComponents.proposalDetails.statusTitle: ec53a8c4f07baed5d8825072c89799be
    dashboard.companyComponents.proposalDetails.statusRejected: d37b1f6c0512e2118cee17fea015b699
    dashboard.companyComponents.proposalDetails.statusAccepted: 382ab522931673c11e398ead1b7b1678
    dashboard.companyComponents.proposalDetails.statusPending: 00b38f89b377390e7c1d74d82cc2f858
    dashboard.companyComponents.emptyProjectView.title: 22df442bfed9b81b43dc0b9effab8fdf
    dashboard.companyComponents.emptyProjectView.description: 65cb7ae74d8e73b8773193f571db66b5
    dashboard.companyComponents.emptyProjectView.postJobCardTitle: 026c9c23d2a3ee8a19e8248ab434680c
    dashboard.companyComponents.emptyProjectView.postJobCardDescription: 2275e94f657faf812cf84b2c9888b302
    dashboard.companyComponents.emptyProjectView.postJobCardButton: 260d8ffe12197d47b45e3a57755b321c
    dashboard.companyComponents.emptyProjectView.hireCardTitle: 5454cd89f37ae55cb1546ca3b27347c8
    dashboard.companyComponents.emptyProjectView.hireCardDescription: df6edb651461d86fc302484beb87ef13
    dashboard.companyComponents.emptyProjectView.hireCardButton: 50e5ae031de5ce8f83986184570c6a33
    dashboard.companyComponents.projectCard.progressLabel: 46b5f8c58b679b4243cbdb5749642c86
    dashboard.companyComponents.projectCard.progressSuffix: 0bcef9c45bd8a48eda1b26eb0c61c869
    dashboard.companyComponents.projectCard.teamSuffix: c6fbb5ca6219111731f9c4c4d2675810
    dashboard.companyComponents.projectDetail.postedDate: c8ba8789f0638bbfbc299c9852e392fb
    dashboard.companyComponents.projectDetail.projectTypeLabel: 245fe794333c2b0d5c513129b346b93f
    dashboard.companyComponents.projectDetail.fixedPriceBadge: 8d48b5e4cb4ba7f460d49d7aafcc0a1d
    dashboard.companyComponents.projectDetail.customProfileInfoStart: b1a8020258a273ce18b09cef11332bec
    dashboard.companyComponents.projectDetail.customProfileInfoLink: 3101c47955b3bde80a0973ccb02dc841
    dashboard.companyComponents.projectDetail.customProfileInfoEnd: af3b442806c79abcdf15723716abcafb
    dashboard.companyComponents.projectDetail.budgetLabel: 822bead6c149ffacbe7a12c44c3958ed
    dashboard.companyComponents.projectDetail.experienceLevelLabel: c3d7e587314a96858ab931ff12a1eaad
    dashboard.companyComponents.projectDetail.experienceLevelValue: b57ed7a0b4f939d0c048882570336e3a
    dashboard.companyComponents.projectDetail.experienceLevelDescription: 46a057200729cdd8ec0c217278c6a097
    dashboard.companyComponents.projectDetail.durationLabel: efe3cb325c8c56da10bd8a322cd2ba95
    dashboard.companyComponents.projectDetail.attachmentsTitle: 9761bbb72bb27951af480b2147488e56
    dashboard.companyComponents.projectDetail.skillsTitle: c73dddce0ddbfa29d01e8874d6a8649d
    dashboard.companyComponents.projectDetail.skillCategoryFrontendLang: 5cacbf932391d3c7051f4cb1b04a9222
    dashboard.companyComponents.projectDetail.skillCategoryFrontendDeliverables: b4b804c2cbe6bf23066c236c619408e3
    dashboard.companyComponents.projectDetail.skillCategoryOther: 6311ae17c1ee52b36e68aaf4ad066387
    dashboard.companyComponents.projectDetail.skillCategoryRequired: b33f8282f474307ef03fc747b2adede8
    dashboard.companyComponents.projectDetail.aboutClientTitle: ca26e8c3bfc902fb55869d21e946dd13
    dashboard.companyComponents.projectDetail.paymentVerified: bfa6e7392722996455bea23e1de165fc
    dashboard.companyComponents.projectDetail.paymentNotVerified: 2c9d00dd7c0281929277334b0041a9b3
    dashboard.companyComponents.projectDetail.clientStatHireRate: c403f8ecda3465aa5b150f8eb17e7821
    dashboard.companyComponents.projectDetail.clientStatOpenJobs: ea7987ec465295969885533b62d617c8
    dashboard.companyComponents.projectDetail.clientStatMemberSince: ea0860115b591e068a0f954f3cf324f2
    dashboard.companyComponents.projectDetail.activityTitle: 8cfc555ef1d11e514ebdc24a9b343358
    dashboard.companyComponents.projectDetail.activityProposals: c3d6c40a2222bdacf7f2bb3187c46f6d
    dashboard.companyComponents.projectDetail.activityProposalsValue: d5f723e2c82bcdac380b7b027e598752
    dashboard.companyComponents.projectDetail.activityLastViewed: 61f8dbe2716f45d5455cdc58c9e4901f
    dashboard.companyComponents.projectDetail.activityLastViewedValue: 8ce1810e4751151f25572dedc093b07b
    dashboard.companyComponents.projectDetail.activityInterviewing: d1417b0c9e888ab2fd3cbd07682be4a9
    dashboard.companyComponents.projectDetail.activityInvitesSent: fe3e943465947279934cc4cdebc13389
    dashboard.companyComponents.projectDetail.activityUnansweredInvites: 42f551dc01f3ce4ee61b5dc82ac3d497
    dashboard.companyComponents.projectDetail.applyButton: 739dda5d282441a761e6bfdf19483e3e
    dashboard.companyComponents.projectDetail.saveButton: a3ddeed784d3ef3edf327c24a26402da
    dashboard.companyComponents.projectDetail.flagLink: d793992a220afc6c0608c89a1ef76f0a
    dashboard.companyComponents.sidebar.activeProjects: 6a061b9f1a3413f2e4184f9c2fc3c4f1
    dashboard.companyComponents.sidebar.hiredProfessionals: 3991dfaacaa68f6cb567c1f2299dea25
    dashboard.companyComponents.sidebar.viewProfileButton: ccd943f86a83b9411cf31a2d05054356
    dashboard.companyComponents.sidebar.quickActionsTitle: 57aee383485cf2d2836cdcfa681220d2
    dashboard.companyComponents.sidebar.startProjectLink: 260d8ffe12197d47b45e3a57755b321c
    dashboard.companyComponents.sidebar.notificationsLink: a274f4d4670213a9045ce258c6c56b80
    dashboard.companyComponents.sidebar.helpCenterLink: efdaf9f44ce968366fa78277263abc1d
