version: 1
files:
  locales/en.ts:
    login.title: 99dea78007133396a7b8ed70578ac6ae
    login.welcome: ebdf0f490b617d7efa3025d3625cec85
    login.description: 6da4081950c859033d070ab2801da7f3
    login.emailLabel: b357b524e740bc85b9790a0712d84a30
    login.emailPlaceholder: 95d3fa6b9e69c588a333f4e78139a7cd
    login.passwordLabel: dc647eb65e6711e155375218212b3964
    login.passwordPlaceholder: e8d28194f9b3498d21fbda21321d0226
    login.rememberMe: 878530871f0db73f004f5bd6591eeb76
    login.forgotPassword: 8458bad978f4fd6d6c7f8ec2ec0824b4
    login.signInButton: b6d4223e60986fa4c9af77ee5f7149c5
    login.signingInButton: 4381b667ecfd06041db1ee258f98ec83
    login.continueWith: 4038e4c17bd41abe684a20af4c2cb0be
    login.noAccount: a5f61298da21626d0f490ebd06ecd811
    login.signUpLink: d9776f0775997b2e698c6975420b5c5d
    login.termsAgreement: df98125e7f6e51ac02e2f7b88bc5126e
    login.termsLink: 3b6c2b4caaf4f14f8d7feeddc4ac3f4d
    login.privacyLink: fa2ead697d9998cbc65c81384e6533d5
    login.errorTitle: a98b186600273b1482fd52ab91671f12
    login.errorGoogleAuthFailed: 8c755f5036a364e5d02d31ff78fcc362
    login.errorMissingCode: 204695673d69c95e1a3cd4ac2eacc6a4
    login.errorTokenExchangeFailed: 571023a28a4f6cb5bc5cf7830adf9e8d
    login.errorInternal: 2ec83c2de693c008d7320331fd599706
    login.errorInvalidModeTitle: 12477418db51dc813000335f72b9fcf2
    login.errorInvalidModeDescription: a9856d8ef7ae94811a2b85f9188fd657
    login.errorInvalidCredentialsTitle: e6839791f53e4ed1e3414df947a2f1a5
    login.errorInvalidCredentialsDescription: e9bc11b02a793e4e05ea7f6051087825
    login.validationEmailInvalid: 59e4904d4366fab35a8282f418e699de
    login.validationPasswordMinLength: db062c37c4979b52840c9f9a74003c52
    signup.title: 5bef23eb7efff2736c5583bda59e5eb7
    signup.description: de429a0b7e18c858b35101eeba022161
    signup.emailLabel: b357b524e740bc85b9790a0712d84a30
    signup.emailPlaceholder: 95d3fa6b9e69c588a333f4e78139a7cd
    signup.nameLabel: 49ee3087348e8d44e1feda1917443987
    signup.namePlaceholder: fd2f820569d83784238e1027897b463e
    signup.usernameLabel: f6039d44b29456b20f8f373155ae4973
    signup.usernamePlaceholder: dd62e4bc5fe501f8216ccd2dd917345f
    signup.passwordLabel: dc647eb65e6711e155375218212b3964
    signup.passwordPlaceholder: 483bc24d842fe8f3ec3a6f92fbd31922
    signup.createAccountButton: 42369faa6a6b243aac58683f3874bf99
    signup.creatingAccountButton: 29dfe0f071ce461d8f9d671d1864351b
    signup.continueWith: 4038e4c17bd41abe684a20af4c2cb0be
    signup.alreadyHaveAccount: 21bdc5689c12595ae14298354d5550d5
    signup.signInLink: b6d4223e60986fa4c9af77ee5f7149c5
    signup.termsAgreement: 0cb3cac0727850ac437263bcd70788e7
    signup.termsLink: 3b6c2b4caaf4f14f8d7feeddc4ac3f4d
    signup.privacyLink: fa2ead697d9998cbc65c81384e6533d5
    signup.errorTitle: 902b0d55fddef6f8d651fe1035b7d4bd
    signup.errorUnknown: 390c95fb109995a2a126d2edfdb287af
    signup.validationNameMinLength: 706d49489a251b50e9862a22ace67a8e
    signup.validationEmailInvalid: 59e4904d4366fab35a8282f418e699de
    signup.validationPasswordMinLength: db062c37c4979b52840c9f9a74003c52
    signup.validationUsernameMinLength: 28897bf91112878c7509f81a5849a01e
    verify.title: bfc9599f8a8e325834c90375a5d93a55
    verify.description: e88f2c7a6c38fc1e3af6d304e253fbc8
    verify.label: 3c627add70103df7da586f25c214a749
    verify.buttonBack: 0557fa923dcee4d0f86b1409f5c2167f
    verify.buttonVerify: dc7e8ffeb19232968f1aa4a99636e61a
    verify.errorInvalidCodeTitle: e4282a24d0473bcf155064341f71e92b
    verify.errorInvalidCodeDescription: ca071284b3708cc2182437ec4ef5fd5a
    verify.errorVerificationFailedTitle: 00d5ef7a9e107dd42de216656ab32c38
    verify.errorVerificationFailedDescription: 82e50c727674f251464fc7520f5bde26
    forgotPassword.title: 32fe59513f5bbdd353b4527cc6af55ce
    forgotPassword.description: 2f593736b77da122322244d63ef02b30
    forgotPassword.descriptionSuccess: 24a4f29fa348e64844182b958fb6e4c1
    forgotPassword.emailLabel: b357b524e740bc85b9790a0712d84a30
    forgotPassword.emailPlaceholder: 6832ac593617c3e5f61c82a20b0d9a3a
    forgotPassword.buttonSend: 733ae3eecadd5777cea5ce9a32379d7a
    forgotPassword.buttonSending: 7b0fee4d957f4ffc0ed5abdd184062b7
    forgotPassword.buttonTryDifferentEmail: 9950c670b23827ec28839add6dcfb8b3
    forgotPassword.backToLogin: 463e58c1d35fb5a4a8d717c99a60d257
    forgotPassword.successMessage: f31404610909982087fd94d17983c731
    forgotPassword.errorEmailRequiredTitle: 487b280a59f3483fff5f1fafb3caf667
    forgotPassword.errorEmailRequiredDescription: 559d05953b1e359e5244164a04511b54
    forgotPassword.errorRequestFailedTitle: b3e1f3f951a065d621dba454b2523365
    forgotPassword.errorRequestFailedDescription: 06036da12ceb24972ee9cd7cb6ef48b6
    forgotPassword.successToastTitle: 555c7f98920048ea2b10ae67b2f678bd
    forgotPassword.successToastDescription: d4d02ce8f4e5c61f4982e440d78038e9
    resetPassword.title: 68af72bbafd42cd57447c51015547eca
    resetPassword.description: 72531f32d3913bb6e57b724e544f7dd4
    resetPassword.newPasswordLabel: ae3bb2a1ac61750150b606298091d38a
    resetPassword.newPasswordPlaceholder: 9da5eb7c9dee339887bb5ef071ee9f47
    resetPassword.confirmPasswordLabel: 887f7db126221fe60d18c895d41dc8f6
    resetPassword.confirmPasswordPlaceholder: 6ab96a5df54aa6aae2bab9ea75ab76c9
    resetPassword.passwordHint: db062c37c4979b52840c9f9a74003c52
    resetPassword.buttonReset: 3b5b0f1e26d98a827ef82af202c2e85b
    resetPassword.buttonResetting: b943aa67ebfe4913ca1e115b2224bf1a
    resetPassword.successTitle: c2585c6a96793a4bc26acd87134ffdf6
    resetPassword.successDescription: 3abee84765d8b9e28bc96f89017ecdf9
    resetPassword.buttonGoToLogin: d44b89fe373b9dd420f6ddb2ad4a6d8e
    resetPassword.errorInvalidLinkTitle: 43eae1127144a5c02d90b289995a257d
    resetPassword.errorInvalidLinkDescription: d0613186f04fdaee0ef827adfc1a6dcf
    resetPassword.buttonRequestNewLink: 222b8dad4fae8f8b3a80ea37088fcdfe
    resetPassword.errorValidationPasswordLength: db062c37c4979b52840c9f9a74003c52
    resetPassword.errorValidationPasswordMatchTitle: 867cee98fdd724e7d5bc87f61ce657bc
    resetPassword.errorValidationPasswordMatchDescription: e0e7cc530bbf40e9f42b8054764b44f8
    resetPassword.errorResetFailedTitle: a961acaa193e23a3d1cdc8bfc6103692
    resetPassword.errorResetFailedDescription: 97a1e1a4308049d458c3a8825d9e79fb
    resetPassword.successToastTitle: 6df8e9d3a4e149ff12445d981f6fc244
    resetPassword.successToastDescription: ba85cd99c36b6aaf970845838c160494
    onboarding.buttonSubmit: a4d3b161ce1309df1c4e25df28694b7b
    onboarding.buttonProceed: f262fae0a2f17e8c1eb4e9eddb0160e4
    onboarding.buttonSkip: 72ef2b9b6965d078e3c7f95487a82d1c
    onboarding.buttonBack: 0557fa923dcee4d0f86b1409f5c2167f
    onboarding.requiredField: b651efdb98a5d6bd2b3935d0c3f4a5e2
    onboarding.requiredFieldsNote: ec7e81da549b1ea9f934ada5b103201d
    onboarding.validationError: 61f89ca51af6c94332f3cabff796fc49
    onboarding.completionDialog.title: 100495dff20b9d9838a530c25bfa385a
    onboarding.completionDialog.description: b7ba134a0ddeebc4d9129129a7c6ad37
    onboarding.completionDialog.button: d2562462266d4bd32b0065dc0d71c2d8
    onboarding.companyStep1.title: e03eac9b9e84ce94679def84c1a67d38
    onboarding.companyStep1.description: c5ebdfaaa46de89c034ab06a0cb4f478
    onboarding.companyStep1.avatarLabel: d32b09ac138ee120400921f2c0294ba3
    onboarding.companyStep1.basicInfoLabel: 87cabb0c5e5abac7a37df3f21bf09d17
    onboarding.companyStep1.headlinePlaceholder: c6568e77f61109390e82d035aaacaef0
    onboarding.companyStep1.industryPlaceholder: 4fd0a37b0a02153b23bbb61d7915a429
    onboarding.companyStep1.companySizePlaceholder: d4448cc010aff54eca229f040ba4c687
    onboarding.companyStep1.companyDetailsLabel: dc9227804a61468a485e682cb932bdf7
    onboarding.companyStep1.phoneLabel: 1e4dbc7eaa78468a3bc1448a3d68d906
    onboarding.companyStep1.websitePlaceholder: 15bbb9d0bbf25e8d2978de1168c749dc
    onboarding.companyStep1.locationLabel: ce5bf551379459c1c61d2a204061c455
    onboarding.companyStep1.locationCountryPlaceholder: 8b144ffc87beff564884b1c190275539
    onboarding.companyStep1.locationCityPlaceholder: ab32949f2983f906d338f2de4f053198
    onboarding.companyStep1.preferencesLabel: d0834fcec6337785ee749c8f5464f6f6
    onboarding.companyStep1.targetIndustriesLabel: cf6ec6a9e104934fd893af784ae54261
    onboarding.companyStep1.targetIndustriesLimit: 4662fbfae1373a370dc8491d91e19211
    onboarding.companyStep1.bioLabel: 713a01ab419f96cb320352765e8791d4
    onboarding.companyStep1.bioPlaceholder: 9bb60b3de88238cb9aecd2e816064f96
    onboarding.companyStep2.title: 7c546410d6f4630f55e1fe94276dbba0
    onboarding.companyStep2.description: 5704edcad5785d13d4e0e02f0dc0dd1d
    onboarding.companyStep2.selectedCount: 6a3f125ca0fa59d3868c040f40e99c77
    onboarding.companyStep2.selectionPrompt: d3d8448cb879a17217038b442c2420da
    onboarding.companyStep3.title: 95bfea567f13616990c5e9b18c00ed94
    onboarding.companyStep3.description: acb7028c992c2c25b2a11a56d41565ee
    onboarding.proStep1.title: 86e58d86c020390902f768a623541495
    onboarding.proStep1.description: 394713141b67cc54595836b41e82b2ca
    onboarding.proStep1.avatarLabel: e787e61bb648c74b2852f03f75c224dd
    onboarding.proStep1.uploadCVLabel: 367ad219c436f5f288f94cf8074b3401
    onboarding.proStep1.uploadCVProcessing: 0be774bf6c837d6422b162087a321c8f
    onboarding.proStep1.uploadCVSuccess: fbe0a40acd74ae36b591fbcfca69e7fe
    onboarding.proStep1.uploadCVHelpText: 57d8523ea2b45bd33df185ce3a17d5cd
    onboarding.proStep1.uploadCVFormat: f1482435fb98bde643cfcf53b6bac568
    onboarding.proStep1.uploadCVExtracted: bd2d709f08945b2d86f74365e04c28ec
    onboarding.proStep1.importLinkedInLabel: 74775888f919fc4d82ad183f24c9efaa
    onboarding.proStep1.importLinkedInProcessing: ca5271c607a449f4efc4147e3d6971dd
    onboarding.proStep1.importLinkedInSuccess: 01212442b3766280f879c4229be3fc07
    onboarding.proStep1.importLinkedInHelpText: ef2218469f2e16a9375d9da306bddfdc
    onboarding.proStep1.importLinkedInExtracted: 55d9ed86079352b10b3bc137dcbf95fa
    onboarding.proStep1.headlineLabel: c6568e77f61109390e82d035aaacaef0
    onboarding.proStep1.headlinePlaceholder: c6568e77f61109390e82d035aaacaef0
    onboarding.proStep1.locationLabel: ce5bf551379459c1c61d2a204061c455
    onboarding.proStep1.locationCountryPlaceholder: 59716c97497eb9694541f7c3d37b1a4d
    onboarding.proStep1.locationCityPlaceholder: 57d056ed0984166336b7879c2af3657f
    onboarding.proStep1.genderLabel: 019ec3132cdf8ee0f2e2a75cf5d3e459
    onboarding.proStep1.genderPlaceholder: 7267c01da962f9d89916612b1b2bac18
    onboarding.proStep1.genderMale: 63889cfb9d3cbe05d1bd2be5cc9953fd
    onboarding.proStep1.genderFemale: b719ce180ec7bd9641fece2f920f4817
    onboarding.proStep1.bioLabel: 713a01ab419f96cb320352765e8791d4
    onboarding.proStep1.bioPlaceholder: 490b8ae571327b35cc2885e9c48b4fb3
    onboarding.proStep1.linkedInDialog.title: 3b1156fff9f4fa584791db33df6f0b0a
    onboarding.proStep1.linkedInDialog.description: 1fab8a6ccf4cfd4b884b4049ed166c0d
    onboarding.proStep1.linkedInDialog.downloadStepTitle: 4d4cc74920c4f224fb745d597a7e2655
    onboarding.proStep1.linkedInDialog.downloadStep1: 62111172414eaca2b33de37d7d3e23f5
    onboarding.proStep1.linkedInDialog.downloadStep2: 7d208012c1bbf1bc1067245e56297969
    onboarding.proStep1.linkedInDialog.downloadStep3: f01e6963afb780fa101a011ea05a2c0c
    onboarding.proStep1.linkedInDialog.downloadStep4: 0ca65120706e04487382be1b3f67c29b
    onboarding.proStep1.linkedInDialog.goToLinkedInButton: 0c0bcd08a16948fa4911a37b55d8aa82
    onboarding.proStep1.linkedInDialog.uploadStepTitle: bcf744234d636254f4647e54cd826619
    onboarding.proStep1.linkedInDialog.uploadStepDescription: 5f0e71e752fd723500b8129d43e0ca44
    onboarding.proStep1.linkedInDialog.uploadButton: b32f77a3967bfb30159ec948c13c69c3
    onboarding.proStep1.linkedInDialog.tipTitle: 342a4056154f7ad1c6e837012d32d231
    onboarding.proStep1.linkedInDialog.tipDescription: 20df4cda5636b360513f202eecfb9556
    onboarding.proStep1.linkedInDialog.closeButton: d3d2e617335f08df83599665eef8a418
    onboarding.proStep2.title: 4013d456c1e8813ee4da379aa6556580
    onboarding.proStep2.skillsLabel: aa79c5d1cbe3d96218a92481bcfaa39c
    onboarding.proStep2.skillsError: 78e60820295d6cf0323bce3ac3747342
    onboarding.proStep2.yearsExperienceLabel: 18728efe98f1d7bb0229d83f3d0e14b0
    onboarding.proStep2.yearsExperiencePlaceholder: 18728efe98f1d7bb0229d83f3d0e14b0
    onboarding.proStep2.yearsExperienceError: f7d5060e9a85fc34d02b9d8024017456
    onboarding.proStep2.portfolioLabel: d4f859a96c13f551a2771b7fc3a78d38
    onboarding.proStep2.portfolioPlaceholder: 34febc9d9187eaa5dc72b91f5eda9789
    onboarding.proStep2.phoneLabel: 1e4dbc7eaa78468a3bc1448a3d68d906
    onboarding.proStep2.phoneErrorInvalid: 00589e3bb6d7bbb598f17fe9bfe70052
    onboarding.proStep2.phoneErrorRequired: 9e3da8a868b8b3ed9d5e976a4d1f5caa
    onboarding.proStep3.title: f1bae87326cb314c6ac57c8274a7ca6a
    onboarding.proStep3.description: 535c2c711faaacc80851d5fe53a47d9c
    onboarding.proStep3.addExperienceButton: f1bae87326cb314c6ac57c8274a7ca6a
    onboarding.proStep3.addAnotherExperienceButton: 0e9fbcd2681648ae0342283ff6dea0aa
    onboarding.proStep3.experienceCardLocationSeparator: 53fe0881d8553a8d801dfb95b88f4e40
    onboarding.proStep3.editButton: 7dce122004969d56ae2e0245cb754d35
    onboarding.proStep3.experienceForm.title: b9ccf7c642950fca76ae3a8109eb029c
    onboarding.proStep3.experienceForm.description: 99a0aa40a7b59526e0c9df3f92c9d820
    onboarding.proStep3.experienceForm.jobTitleLabel: 754e1e134bc554a0af39749edbb59b9f
    onboarding.proStep3.experienceForm.jobTitlePlaceholder: d628f4185c3b26f182c7f27058a14900
    onboarding.proStep3.experienceForm.companyLabel: 1c76cbfe21c6f44c1d1e59d54f3e4420
    onboarding.proStep3.experienceForm.companyPlaceholder: 070800fb9c7ae071aff6e63bded5c3c2
    onboarding.proStep3.experienceForm.locationLabel: ce5bf551379459c1c61d2a204061c455
    onboarding.proStep3.experienceForm.locationCountryPlaceholder: 8b144ffc87beff564884b1c190275539
    onboarding.proStep3.experienceForm.locationCityPlaceholder: ffb4940f7c5153705ba4a3d563f2851a
    onboarding.proStep3.experienceForm.employmentTypeLabel: eaca10015a2a010bf2c243280ed5071e
    onboarding.proStep3.experienceForm.employmentTypePlaceholder: 24383e8dec1614f6ad733c02cb3fb1e7
    onboarding.proStep3.experienceForm.employmentTypeFullTime: c00a284cd8cbb2e5a185b1d343314191
    onboarding.proStep3.experienceForm.employmentTypePartTime: 1f3df4017f42c55588603cf75046c0b2
    onboarding.proStep3.experienceForm.employmentTypeSelfEmployed: 63af9ae52cc0978bc3c116a6e0348374
    onboarding.proStep3.experienceForm.employmentTypeFreelance: 0f28fe833d21018c7707e5680392c068
    onboarding.proStep3.experienceForm.employmentTypeContract: f49498143b94e78415d06029763412b9
    onboarding.proStep3.experienceForm.employmentTypeInternship: dabdde079bcaac65b939992610420dfc
    onboarding.proStep3.experienceForm.employmentTypeApprenticeship: a007eca26d06b0b6d505e7d6f7f7baa4
    onboarding.proStep3.experienceForm.employmentTypeSeasonal: 00522a8dbe7e743d872e250a26fae115
    onboarding.proStep3.experienceForm.skillsLabel: ef73f5c74ea39fa5f40613f2fd3e7292
    onboarding.proStep3.experienceForm.skillsPlaceholder: c25adc39a903069d36ce2af401c14d67
    onboarding.proStep3.experienceForm.responsibilitiesLabel: 460874c7c996eb6762b8a5b10ff2d76f
    onboarding.proStep3.experienceForm.responsibilitiesPlaceholder: 4bb07a863a2d982d93228700cdd915fb
    onboarding.proStep3.experienceForm.achievementsLabel: f5c7922da355fd289ec1d6469e0583a7
    onboarding.proStep3.experienceForm.achievementsPlaceholder: bd34301a0989888d8d8f8bc079b1be16
    onboarding.proStep3.experienceForm.currentlyWorkingLabel: 271aa57e59fac29faf6211acece17a36
    onboarding.proStep3.experienceForm.startDateLabel: db3794c7d704611ce61c9d8cc09cd806
    onboarding.proStep3.experienceForm.endDateLabel: 3c1429dca1ae285353b112dfacae5fe5
    onboarding.proStep3.experienceForm.cancelButton: ea4788705e6873b424c65e91c2846b19
    onboarding.proStep3.experienceForm.addButton: b9ccf7c642950fca76ae3a8109eb029c
    onboarding.proStep3.experienceForm.updateButton: f9b26a0dedc38526246555e529fcdbb4
    onboarding.proStep3.experienceForm.validationAlert: 4a2f5c8a04cc978f1803fe9b68833463
    onboarding.proStep4.title: bdf8c7e172907c42d480b4bc0b7126ff
    onboarding.proStep4.description: 10be73f97be00e118b1351e86571655d
    onboarding.proStep4.addEducationButton: bdf8c7e172907c42d480b4bc0b7126ff
    onboarding.proStep4.addAnotherEducationButton: 906b93588632831dd8ea84abd23c0da7
    onboarding.proStep4.educationForm.title: 544d8787cabeb7922a88cd667bf750f3
    onboarding.proStep4.educationForm.description: 55ecfbd8157328d1f00a8e6e37835450
    onboarding.proStep4.educationForm.schoolLabel: 955cd8691ca89a6baa6ea10c7787e604
    onboarding.proStep4.educationForm.schoolPlaceholder: 130c2356d591a7609fcc0a27a5bab3df
    onboarding.proStep4.educationForm.degreeLabel: 6669c4dc00cb161446821b3529ca07d8
    onboarding.proStep4.educationForm.degreePlaceholder: 9259ff7fb3fd6629f14b01b3872e82ae
    onboarding.proStep4.educationForm.degreeTypeBachelors: 7a403adc6440ca0df22080dc7a5b4951
    onboarding.proStep4.educationForm.degreeTypeMasters: 1d30205906823f71379b69a84ef20a6f
    onboarding.proStep4.educationForm.degreeTypePhd: 5b539663c7a23ce1a18106224e899d59
    onboarding.proStep4.educationForm.degreeTypeAssociate: 758ab9c1162e0f5094d4d4ab297952ad
    onboarding.proStep4.educationForm.degreeTypeDiploma: 1f0561465e79a23d191eaa47ea4cbfa6
    onboarding.proStep4.educationForm.degreeTypeCertificate: eb0f48a107df1a0f343d4cd513b555e6
    onboarding.proStep4.educationForm.degreeTypeHighSchool: a06f5cabe1ad95ac722a761b6b08bc15
    onboarding.proStep4.educationForm.degreeTypeOther: 6311ae17c1ee52b36e68aaf4ad066387
    onboarding.proStep4.educationForm.fieldLabel: bbe019971279239f2311f06a1de38f31
    onboarding.proStep4.educationForm.fieldPlaceholder: 290028e0ef38ee6fd90ed07ca8ff4d17
    onboarding.proStep4.educationForm.descriptionLabel: b5a7adde1af5c87d7fd797b6245c2a39
    onboarding.proStep4.educationForm.descriptionPlaceholder: 481b0c0b59cde65ad7af375d12c8e13b
    onboarding.proStep4.educationForm.currentlyStudyingLabel: eeb29b6727dccc28137132869ebce61f
    onboarding.proStep4.educationForm.startDateLabel: db3794c7d704611ce61c9d8cc09cd806
    onboarding.proStep4.educationForm.endDateLabel: 3c1429dca1ae285353b112dfacae5fe5
    onboarding.proStep4.educationForm.cancelButton: ea4788705e6873b424c65e91c2846b19
    onboarding.proStep4.educationForm.addButton: 544d8787cabeb7922a88cd667bf750f3
    onboarding.proStep4.educationForm.updateButton: 0e5bc47c5e3ae2a23f9aebebac15d291
    onboarding.proStep4.educationForm.validationAlert: 4a2f5c8a04cc978f1803fe9b68833463
